
Microsoft Visual Studio Solution File, Format Version 12.00
# Visual Studio Version 16
VisualStudioVersion = 16.0.30804.86
MinimumVisualStudioVersion = 10.0.40219.1
Project("{9A19103F-16F7-4668-BE54-9A1E7A4F7556}") = "Toolbox.Help", "Toolbox.Help\Toolbox.Help.csproj", "{B799D72B-2320-496D-811F-BF2B0101112A}"
EndProject
Project("{9A19103F-16F7-4668-BE54-9A1E7A4F7556}") = "Toolbox.Help.Example.WinForms", "Toolbox.Help.Example.WinForms\Toolbox.Help.Example.WinForms.csproj", "{0145867A-E2E5-4EC5-9E47-7B27C88DF90C}"
EndProject
Project("{FAE04EC0-301F-11D3-BF4B-00C04F79EFBC}") = "Toolbox.Help.Test", "Toolbox.Help.Test\Toolbox.Help.Test.csproj", "{6CF27FA5-C130-42C6-8B50-08C1A1C51740}"
EndProject
Project("{FAE04EC0-301F-11D3-BF4B-00C04F79EFBC}") = "Toolbox.Help.WinForms", "Toolbox.Help.WinForms\Toolbox.Help.WinForms.csproj", "{A466A05E-A1E7-4E9B-B8A7-3EE6456595F7}"
EndProject
Global
	GlobalSection(SolutionConfigurationPlatforms) = preSolution
		Debug|Any CPU = Debug|Any CPU
		Release|Any CPU = Release|Any CPU
	EndGlobalSection
	GlobalSection(ProjectConfigurationPlatforms) = postSolution
		{B799D72B-2320-496D-811F-BF2B0101112A}.Debug|Any CPU.ActiveCfg = Debug|Any CPU
		{B799D72B-2320-496D-811F-BF2B0101112A}.Debug|Any CPU.Build.0 = Debug|Any CPU
		{B799D72B-2320-496D-811F-BF2B0101112A}.Release|Any CPU.ActiveCfg = Release|Any CPU
		{B799D72B-2320-496D-811F-BF2B0101112A}.Release|Any CPU.Build.0 = Release|Any CPU
		{0145867A-E2E5-4EC5-9E47-7B27C88DF90C}.Debug|Any CPU.ActiveCfg = Debug|Any CPU
		{0145867A-E2E5-4EC5-9E47-7B27C88DF90C}.Debug|Any CPU.Build.0 = Debug|Any CPU
		{0145867A-E2E5-4EC5-9E47-7B27C88DF90C}.Release|Any CPU.ActiveCfg = Release|Any CPU
		{0145867A-E2E5-4EC5-9E47-7B27C88DF90C}.Release|Any CPU.Build.0 = Release|Any CPU
		{6CF27FA5-C130-42C6-8B50-08C1A1C51740}.Debug|Any CPU.ActiveCfg = Debug|Any CPU
		{6CF27FA5-C130-42C6-8B50-08C1A1C51740}.Debug|Any CPU.Build.0 = Debug|Any CPU
		{6CF27FA5-C130-42C6-8B50-08C1A1C51740}.Release|Any CPU.ActiveCfg = Release|Any CPU
		{6CF27FA5-C130-42C6-8B50-08C1A1C51740}.Release|Any CPU.Build.0 = Release|Any CPU
		{A466A05E-A1E7-4E9B-B8A7-3EE6456595F7}.Debug|Any CPU.ActiveCfg = Debug|Any CPU
		{A466A05E-A1E7-4E9B-B8A7-3EE6456595F7}.Debug|Any CPU.Build.0 = Debug|Any CPU
		{A466A05E-A1E7-4E9B-B8A7-3EE6456595F7}.Release|Any CPU.ActiveCfg = Release|Any CPU
		{A466A05E-A1E7-4E9B-B8A7-3EE6456595F7}.Release|Any CPU.Build.0 = Release|Any CPU
	EndGlobalSection
	GlobalSection(SolutionProperties) = preSolution
		HideSolutionNode = FALSE
	EndGlobalSection
	GlobalSection(ExtensibilityGlobals) = postSolution
		SolutionGuid = {30878D80-30DF-4E2A-81E5-F8E4DC3E75A3}
	EndGlobalSection
EndGlobal
